
Microsoft Visual Studio Solution File, Format Version 12.00
# Visual Studio Version 17
VisualStudioVersion = 17.3.32819.101
MinimumVisualStudioVersion = 10.0.40219.1
Project("{FAE04EC0-301F-11D3-BF4B-00C04F79EFBC}") = "WebAPI", "WebAPI\WebAPI.csproj", "{1BE60880-F598-4379-AFE0-BEEE6FDB6E6D}"
EndProject
Global
	GlobalSection(SolutionConfigurationPlatforms) = preSolution
		Debug|Any CPU = Debug|Any CPU
		Release|Any CPU = Release|Any CPU
	EndGlobalSection
	GlobalSection(ProjectConfigurationPlatforms) = postSolution
		{1BE60880-F598-4379-AFE0-BEEE6FDB6E6D}.Debug|Any CPU.ActiveCfg = Debug|Any CPU
		{1BE60880-F598-4379-AFE0-BEEE6FDB6E6D}.Debug|Any CPU.Build.0 = Debug|Any CPU
		{1BE60880-F598-4379-AFE0-BEEE6FDB6E6D}.Release|Any CPU.ActiveCfg = Release|Any CPU
		{1BE60880-F598-4379-AFE0-BEEE6FDB6E6D}.Release|Any CPU.Build.0 = Release|Any CPU
	EndGlobalSection
	GlobalSection(SolutionProperties) = preSolution
		HideSolutionNode = FALSE
	EndGlobalSection
	GlobalSection(ExtensibilityGlobals) = postSolution
		SolutionGuid = {09424B39-0ABE-47A5-B464-46A18F024D5C}
	EndGlobalSection
EndGlobal
